
Microsoft Visual Studio Solution File, Format Version 12.00
Project("{FAE04EC0-301F-11D3-BF4B-00C04F79EFBC}") = "TransientTempFolders", "TransientTempFolders\TransientTempFolders.csproj", "{F16847FD-B003-4DC2-B7EE-88B865C418EA}"
EndProject
Global
	GlobalSection(SolutionConfigurationPlatforms) = preSolution
		Debug|Any CPU = Debug|Any CPU
		Release|Any CPU = Release|Any CPU
	EndGlobalSection
	GlobalSection(ProjectConfigurationPlatforms) = postSolution
		{F16847FD-B003-4DC2-B7EE-88B865C418EA}.Debug|Any CPU.ActiveCfg = Debug|Any CPU
		{F16847FD-B003-4DC2-B7EE-88B865C418EA}.Debug|Any CPU.Build.0 = Debug|Any CPU
		{F16847FD-B003-4DC2-B7EE-88B865C418EA}.Release|Any CPU.ActiveCfg = Release|Any CPU
		{F16847FD-B003-4DC2-B7EE-88B865C418EA}.Release|Any CPU.Build.0 = Release|Any CPU
	EndGlobalSection
EndGlobal
